
Microsoft Visual Studio Solution File, Format Version 12.00
# Visual Studio 2012
Project("{FAE04EC0-301F-11D3-BF4B-00C04F79EFBC}") = "Empresa de3", "Empresa de3\Empresa de3.csproj", "{ADD9DA9E-02E6-420D-B7BF-B2789F8B3A59}"
EndProject
Global
	GlobalSection(SolutionConfigurationPlatforms) = preSolution
		Debug|Any CPU = Debug|Any CPU
		Release|Any CPU = Release|Any CPU
	EndGlobalSection
	GlobalSection(ProjectConfigurationPlatforms) = postSolution
		{ADD9DA9E-02E6-420D-B7BF-B2789F8B3A59}.Debug|Any CPU.ActiveCfg = Debug|Any CPU
		{ADD9DA9E-02E6-420D-B7BF-B2789F8B3A59}.Debug|Any CPU.Build.0 = Debug|Any CPU
		{ADD9DA9E-02E6-420D-B7BF-B2789F8B3A59}.Release|Any CPU.ActiveCfg = Release|Any CPU
		{ADD9DA9E-02E6-420D-B7BF-B2789F8B3A59}.Release|Any CPU.Build.0 = Release|Any CPU
	EndGlobalSection
	GlobalSection(SolutionProperties) = preSolution
		HideSolutionNode = FALSE
	EndGlobalSection
EndGlobal
