
Microsoft Visual Studio Solution File, Format Version 12.00
# Visual Studio 2012
Project("{FAE04EC0-301F-11D3-BF4B-00C04F79EFBC}") = "clases13", "clases13\clases13.csproj", "{57203AC9-9317-4360-BE16-5AE7FA40808C}"
EndProject
Global
	GlobalSection(SolutionConfigurationPlatforms) = preSolution
		Debug|Any CPU = Debug|Any CPU
		Release|Any CPU = Release|Any CPU
	EndGlobalSection
	GlobalSection(ProjectConfigurationPlatforms) = postSolution
		{57203AC9-9317-4360-BE16-5AE7FA40808C}.Debug|Any CPU.ActiveCfg = Debug|Any CPU
		{57203AC9-9317-4360-BE16-5AE7FA40808C}.Debug|Any CPU.Build.0 = Debug|Any CPU
		{57203AC9-9317-4360-BE16-5AE7FA40808C}.Release|Any CPU.ActiveCfg = Release|Any CPU
		{57203AC9-9317-4360-BE16-5AE7FA40808C}.Release|Any CPU.Build.0 = Release|Any CPU
	EndGlobalSection
	GlobalSection(SolutionProperties) = preSolution
		HideSolutionNode = FALSE
	EndGlobalSection
EndGlobal
