
Microsoft Visual Studio Solution File, Format Version 12.00
# Visual Studio 2012
Project("{FAE04EC0-301F-11D3-BF4B-00C04F79EFBC}") = "resolucion", "resolucion\resolucion.csproj", "{CE0EC5BD-8A9C-4723-9E66-FC94B0C3EB5E}"
EndProject
Global
	GlobalSection(SolutionConfigurationPlatforms) = preSolution
		Debug|Any CPU = Debug|Any CPU
		Release|Any CPU = Release|Any CPU
	EndGlobalSection
	GlobalSection(ProjectConfigurationPlatforms) = postSolution
		{CE0EC5BD-8A9C-4723-9E66-FC94B0C3EB5E}.Debug|Any CPU.ActiveCfg = Debug|Any CPU
		{CE0EC5BD-8A9C-4723-9E66-FC94B0C3EB5E}.Debug|Any CPU.Build.0 = Debug|Any CPU
		{CE0EC5BD-8A9C-4723-9E66-FC94B0C3EB5E}.Release|Any CPU.ActiveCfg = Release|Any CPU
		{CE0EC5BD-8A9C-4723-9E66-FC94B0C3EB5E}.Release|Any CPU.Build.0 = Release|Any CPU
	EndGlobalSection
	GlobalSection(SolutionProperties) = preSolution
		HideSolutionNode = FALSE
	EndGlobalSection
EndGlobal
