
Microsoft Visual Studio Solution File, Format Version 12.00
# Visual Studio 2012
Project("{FAE04EC0-301F-11D3-BF4B-00C04F79EFBC}") = "pares y impares", "pares y impares\pares y impares.csproj", "{A08A7D77-E9A7-4668-8B00-89234BA42626}"
EndProject
Global
	GlobalSection(SolutionConfigurationPlatforms) = preSolution
		Debug|Any CPU = Debug|Any CPU
		Release|Any CPU = Release|Any CPU
	EndGlobalSection
	GlobalSection(ProjectConfigurationPlatforms) = postSolution
		{A08A7D77-E9A7-4668-8B00-89234BA42626}.Debug|Any CPU.ActiveCfg = Debug|Any CPU
		{A08A7D77-E9A7-4668-8B00-89234BA42626}.Debug|Any CPU.Build.0 = Debug|Any CPU
		{A08A7D77-E9A7-4668-8B00-89234BA42626}.Release|Any CPU.ActiveCfg = Release|Any CPU
		{A08A7D77-E9A7-4668-8B00-89234BA42626}.Release|Any CPU.Build.0 = Release|Any CPU
	EndGlobalSection
	GlobalSection(SolutionProperties) = preSolution
		HideSolutionNode = FALSE
	EndGlobalSection
EndGlobal
